
Microsoft Visual Studio Solution File, Format Version 12.00
# Visual Studio Version 17
VisualStudioVersion = 17.5.33627.172
MinimumVisualStudioVersion = 10.0.40219.1
Project("{FAE04EC0-301F-11D3-BF4B-00C04F79EFBC}") = "ChessGame", "ChessGame\ChessGame.csproj", "{9DFFBCBA-5073-44AC-AD60-33526EF2FCFA}"
EndProject
Global
	GlobalSection(SolutionConfigurationPlatforms) = preSolution
		Debug|Any CPU = Debug|Any CPU
		Release|Any CPU = Release|Any CPU
	EndGlobalSection
	GlobalSection(ProjectConfigurationPlatforms) = postSolution
		{9DFFBCBA-5073-44AC-AD60-33526EF2FCFA}.Debug|Any CPU.ActiveCfg = Debug|Any CPU
		{9DFFBCBA-5073-44AC-AD60-33526EF2FCFA}.Debug|Any CPU.Build.0 = Debug|Any CPU
		{9DFFBCBA-5073-44AC-AD60-33526EF2FCFA}.Release|Any CPU.ActiveCfg = Release|Any CPU
		{9DFFBCBA-5073-44AC-AD60-33526EF2FCFA}.Release|Any CPU.Build.0 = Release|Any CPU
	EndGlobalSection
	GlobalSection(SolutionProperties) = preSolution
		HideSolutionNode = FALSE
	EndGlobalSection
	GlobalSection(ExtensibilityGlobals) = postSolution
		SolutionGuid = {D0476875-B21A-4BF9-BBEB-E3C9194A0F72}
	EndGlobalSection
EndGlobal
